// !$*UTF8*$!
{
	archiveVersion = 1;
	classes = {
	};
	objectVersion = 46;
	objects = {

/* Begin PBXBuildFile section */
		9150418B1D8BE5F700597ACC /* main.m in Sources */ = {isa = PBXBuildFile; fileRef = 9150418A1D8BE5F700597ACC /* main.m */; };
		9150418E1D8BE5F700597ACC /* AppDelegate.m in Sources */ = {isa = PBXBuildFile; fileRef = 9150418D1D8BE5F700597ACC /* AppDelegate.m */; };
		915041911D8BE5F700597ACC /* ViewController.m in Sources */ = {isa = PBXBuildFile; fileRef = 915041901D8BE5F700597ACC /* ViewController.m */; };
		915041941D8BE5F700597ACC /* Main.storyboard in Resources */ = {isa = PBXBuildFile; fileRef = 915041921D8BE5F700597ACC /* Main.storyboard */; };
		915041961D8BE5F700597ACC /* Assets.xcassets in Resources */ = {isa = PBXBuildFile; fileRef = 915041951D8BE5F700597ACC /* Assets.xcassets */; };
		915041991D8BE5F700597ACC /* LaunchScreen.storyboard in Resources */ = {isa = PBXBuildFile; fileRef = 915041971D8BE5F700597ACC /* LaunchScreen.storyboard */; };
/* End PBXBuildFile section */

/* Begin PBXFileReference section */
		915041861D8BE5F700597ACC /* JCSliderControl.app */ = {isa = PBXFileReference; explicitFileType = wrapper.application; includeInIndex = 0; path = JCSliderControl.app; sourceTree = BUILT_PRODUCTS_DIR; };
		9150418A1D8BE5F700597ACC /* main.m */ = {isa = PBXFileReference; lastKnownFileType = sourcecode.c.objc; path = main.m; sourceTree = "<group>"; };
		9150418C1D8BE5F700597ACC /* AppDelegate.h */ = {isa = PBXFileReference; lastKnownFileType = sourcecode.c.h; path = AppDelegate.h; sourceTree = "<group>"; };
		9150418D1D8BE5F700597ACC /* AppDelegate.m */ = {isa = PBXFileReference; lastKnownFileType = sourcecode.c.objc; path = AppDelegate.m; sourceTree = "<group>"; };
		9150418F1D8BE5F700597ACC /* ViewController.h */ = {isa = PBXFileReference; lastKnownFileType = sourcecode.c.h; path = ViewController.h; sourceTree = "<group>"; };
		915041901D8BE5F700597ACC /* ViewController.m */ = {isa = PBXFileReference; lastKnownFileType = sourcecode.c.objc; path = ViewController.m; sourceTree = "<group>"; };
		915041931D8BE5F700597ACC /* Base */ = {isa = PBXFileReference; lastKnownFileType = file.storyboard; name = Base; path = Base.lproj/Main.storyboard; sourceTree = "<group>"; };
		915041951D8BE5F700597ACC /* Assets.xcassets */ = {isa = PBXFileReference; lastKnownFileType = folder.assetcatalog; path = Assets.xcassets; sourceTree = "<group>"; };
		915041981D8BE5F700597ACC /* Base */ = {isa = PBXFileReference; lastKnownFileType = file.storyboard; name = Base; path = Base.lproj/LaunchScreen.storyboard; sourceTree = "<group>"; };
		9150419A1D8BE5F700597ACC /* Info.plist */ = {isa = PBXFileReference; lastKnownFileType = text.plist.xml; path = Info.plist; sourceTree = "<group>"; };
/* End PBXFileReference section */

/* Begin PBXFrameworksBuildPhase section */
		915041831D8BE5F700597ACC /* Frameworks */ = {
			isa = PBXFrameworksBuildPhase;
			buildActionMask = 2147483647;
			files = (
			);
			runOnlyForDeploymentPostprocessing = 0;
		};
/* End PBXFrameworksBuildPhase section */

/* Begin PBXGroup section */
		9150417D1D8BE5F700597ACC = {
			isa = PBXGroup;
			children = (
				915041881D8BE5F700597ACC /* JCSliderControl */,
				915041871D8BE5F700597ACC /* Products */,
			);
			sourceTree = "<group>";
		};
		915041871D8BE5F700597ACC /* Products */ = {
			isa = PBXGroup;
			children = (
				915041861D8BE5F700597ACC /* JCSliderControl.app */,
			);
			name = Products;
			sourceTree = "<group>";
		};
		915041881D8BE5F700597ACC /* JCSliderControl */ = {
			isa = PBXGroup;
			children = (
				9150418C1D8BE5F700597ACC /* AppDelegate.h */,
				9150418D1D8BE5F700597ACC /* AppDelegate.m */,
				9150418F1D8BE5F700597ACC /* ViewController.h */,
				915041901D8BE5F700597ACC /* ViewController.m */,
				915041921D8BE5F700597ACC /* Main.storyboard */,
				915041951D8BE5F700597ACC /* Assets.xcassets */,
				915041971D8BE5F700597ACC /* LaunchScreen.storyboard */,
				9150419A1D8BE5F700597ACC /* Info.plist */,
				915041891D8BE5F700597ACC /* Supporting Files */,
			);
			path = JCSliderControl;
			sourceTree = "<group>";
		};
		915041891D8BE5F700597ACC /* Supporting Files */ = {
			isa = PBXGroup;
			children = (
				9150418A1D8BE5F700597ACC /* main.m */,
			);
			name = "Supporting Files";
			sourceTree = "<group>";
		};
/* End PBXGroup section */

/* Begin PBXNativeTarget section */
		915041851D8BE5F700597ACC /* JCSliderControl */ = {
			isa = PBXNativeTarget;
			buildConfigurationList = 9150419D1D8BE5F700597ACC /* Build configuration list for PBXNativeTarget "JCSliderControl" */;
			buildPhases = (
				915041821D8BE5F700597ACC /* Sources */,
				915041831D8BE5F700597ACC /* Frameworks */,
				915041841D8BE5F700597ACC /* Resources */,
			);
			buildRules = (
			);
			dependencies = (
			);
			name = JCSliderControl;
			productName = JCSliderControl;
			productReference = 915041861D8BE5F700597ACC /* JCSliderControl.app */;
			productType = "com.apple.product-type.application";
		};
/* End PBXNativeTarget section */

/* Begin PBXProject section */
		9150417E1D8BE5F700597ACC /* Project object */ = {
			isa = PBXProject;
			attributes = {
				LastUpgradeCheck = 0730;
				ORGANIZATIONNAME = "Test P01";
				TargetAttributes = {
					915041851D8BE5F700597ACC = {
						CreatedOnToolsVersion = 7.3.1;
					};
				};
			};
			buildConfigurationList = 915041811D8BE5F700597ACC /* Build configuration list for PBXProject "JCSliderControl" */;
			compatibilityVersion = "Xcode 3.2";
			developmentRegion = English;
			hasScannedForEncodings = 0;
			knownRegions = (
				en,
				Base,
			);
			mainGroup = 9150417D1D8BE5F700597ACC;
			productRefGroup = 915041871D8BE5F700597ACC /* Products */;
			projectDirPath = "";
			projectRoot = "";
			targets = (
				915041851D8BE5F700597ACC /* JCSliderControl */,
			);
		};
/* End PBXProject section */

/* Begin PBXResourcesBuildPhase section */
		915041841D8BE5F700597ACC /* Resources */ = {
			isa = PBXResourcesBuildPhase;
			buildActionMask = 2147483647;
			files = (
				915041991D8BE5F700597ACC /* LaunchScreen.storyboard in Resources */,
				915041961D8BE5F700597ACC /* Assets.xcassets in Resources */,
				915041941D8BE5F700597ACC /* Main.storyboard in Resources */,
			);
			runOnlyForDeploymentPostprocessing = 0;
		};
/* End PBXResourcesBuildPhase section */

/* Begin PBXSourcesBuildPhase section */
		915041821D8BE5F700597ACC /* Sources */ = {
			isa = PBXSourcesBuildPhase;
			buildActionMask = 2147483647;
			files = (
				915041911D8BE5F700597ACC /* ViewController.m in Sources */,
				9150418E1D8BE5F700597ACC /* AppDelegate.m in Sources */,
				9150418B1D8BE5F700597ACC /* main.m in Sources */,
			);
			runOnlyForDeploymentPostprocessing = 0;
		};
/* End PBXSourcesBuildPhase section */

/* Begin PBXVariantGroup section */
		915041921D8BE5F700597ACC /* Main.storyboard */ = {
			isa = PBXVariantGroup;
			children = (
				915041931D8BE5F700597ACC /* Base */,
			);
			name = Main.storyboard;
			sourceTree = "<group>";
		};
		915041971D8BE5F700597ACC /* LaunchScreen.storyboard */ = {
			isa = PBXVariantGroup;
			children = (
				915041981D8BE5F700597ACC /* Base */,
			);
			name = LaunchScreen.storyboard;
			sourceTree = "<group>";
		};
/* End PBXVariantGroup section */

/* Begin XCBuildConfiguration section */
		9150419B1D8BE5F700597ACC /* Debug */ = {
			isa = XCBuildConfiguration;
			buildSettings = {
				ALWAYS_SEARCH_USER_PATHS = NO;
				CLANG_ANALYZER_NONNULL = YES;
				CLANG_CXX_LANGUAGE_STANDARD = "gnu++0x";
				CLANG_CXX_LIBRARY = "libc++";
				CLANG_ENABLE_MODULES = YES;
				CLANG_ENABLE_OBJC_ARC = YES;
				CLANG_WARN_BOOL_CONVERSION = YES;
				CLANG_WARN_CONSTANT_CONVERSION = YES;
				CLANG_WARN_DIRECT_OBJC_ISA_USAGE = YES_ERROR;
				CLANG_WARN_EMPTY_BODY = YES;
				CLANG_WARN_ENUM_CONVERSION = YES;
				CLANG_WARN_INT_CONVERSION = YES;
				CLANG_WARN_OBJC_ROOT_CLASS = YES_ERROR;
				CLANG_WARN_UNREACHABLE_CODE = YES;
				CLANG_WARN__DUPLICATE_METHOD_MATCH = YES;
				"CODE_SIGN_IDENTITY[sdk=iphoneos*]" = "iPhone Developer";
				COPY_PHASE_STRIP = NO;
				DEBUG_INFORMATION_FORMAT = dwarf;
				ENABLE_STRICT_OBJC_MSGSEND = YES;
				ENABLE_TESTABILITY = YES;
				GCC_C_LANGUAGE_STANDARD = gnu99;
				GCC_DYNAMIC_NO_PIC = NO;
				GCC_NO_COMMON_BLOCKS = YES;
				GCC_OPTIMIZATION_LEVEL = 0;
				GCC_PREPROCESSOR_DEFINITIONS = (
					"DEBUG=1",
					"$(inherited)",
				);
				GCC_WARN_64_TO_32_BIT_CONVERSION = YES;
				GCC_WARN_ABOUT_RETURN_TYPE = YES_ERROR;
				GCC_WARN_UNDECLARED_SELECTOR = YES;
				GCC_WARN_UNINITIALIZED_AUTOS = YES_AGGRESSIVE;
				GCC_WARN_UNUSED_FUNCTION = YES;
				GCC_WARN_UNUSED_VARIABLE = YES;
				IPHONEOS_DEPLOYMENT_TARGET = 9.3;
				MTL_ENABLE_DEBUG_INFO = YES;
				ONLY_ACTIVE_ARCH = YES;
				SDKROOT = iphoneos;
				TARGETED_DEVICE_FAMILY = "1,2";
			};
			name = Debug;
		};
		9150419C1D8BE5F700597ACC /* Release */ = {
			isa = XCBuildConfiguration;
			buildSettings = {
				ALWAYS_SEARCH_USER_PATHS = NO;
				CLANG_ANALYZER_NONNULL = YES;
				CLANG_CXX_LANGUAGE_STANDARD = "gnu++0x";
				CLANG_CXX_LIBRARY = "libc++";
				CLANG_ENABLE_MODULES = YES;
				CLANG_ENABLE_OBJC_ARC = YES;
				CLANG_WARN_BOOL_CONVERSION = YES;
				CLANG_WARN_CONSTANT_CONVERSION = YES;
				CLANG_WARN_DIRECT_OBJC_ISA_USAGE = YES_ERROR;
				CLANG_WARN_EMPTY_BODY = YES;
				CLANG_WARN_ENUM_CONVERSION = YES;
				CLANG_WARN_INT_CONVERSION = YES;
				CLANG_WARN_OBJC_ROOT_CLASS = YES_ERROR;
				CLANG_WARN_UNREACHABLE_CODE = YES;
				CLANG_WARN__DUPLICATE_METHOD_MATCH = YES;
				"CODE_SIGN_IDENTITY[sdk=iphoneos*]" = "iPhone Developer";
				COPY_PHASE_STRIP = NO;
				DEBUG_INFORMATION_FORMAT = "dwarf-with-dsym";
				ENABLE_NS_ASSERTIONS = NO;
				ENABLE_STRICT_OBJC_MSGSEND = YES;
				GCC_C_LANGUAGE_STANDARD = gnu99;
				GCC_NO_COMMON_BLOCKS = YES;
				GCC_WARN_64_TO_32_BIT_CONVERSION = YES;
				GCC_WARN_ABOUT_RETURN_TYPE = YES_ERROR;
				GCC_WARN_UNDECLARED_SELECTOR = YES;
				GCC_WARN_UNINITIALIZED_AUTOS = YES_AGGRESSIVE;
				GCC_WARN_UNUSED_FUNCTION = YES;
				GCC_WARN_UNUSED_VARIABLE = YES;
				IPHONEOS_DEPLOYMENT_TARGET = 9.3;
				MTL_ENABLE_DEBUG_INFO = NO;
				SDKROOT = iphoneos;
				TARGETED_DEVICE_FAMILY = "1,2";
				VALIDATE_PRODUCT = YES;
			};
			name = Release;
		};
		9150419E1D8BE5F700597ACC /* Debug */ = {
			isa = XCBuildConfiguration;
			buildSettings = {
				ASSETCATALOG_COMPILER_APPICON_NAME = AppIcon;
				INFOPLIST_FILE = JCSliderControl/Info.plist;
				LD_RUNPATH_SEARCH_PATHS = "$(inherited) @executable_path/Frameworks";
				PRODUCT_BUNDLE_IDENTIFIER = com.felix.JCSliderControl;
				PRODUCT_NAME = "$(TARGET_NAME)";
			};
			name = Debug;
		};
		9150419F1D8BE5F700597ACC /* Release */ = {
			isa = XCBuildConfiguration;
			buildSettings = {
				ASSETCATALOG_COMPILER_APPICON_NAME = AppIcon;
				INFOPLIST_FILE = JCSliderControl/Info.plist;
				LD_RUNPATH_SEARCH_PATHS = "$(inherited) @executable_path/Frameworks";
				PRODUCT_BUNDLE_IDENTIFIER = com.felix.JCSliderControl;
				PRODUCT_NAME = "$(TARGET_NAME)";
			};
			name = Release;
		};
/* End XCBuildConfiguration section */

/* Begin XCConfigurationList section */
		915041811D8BE5F700597ACC /* Build configuration list for PBXProject "JCSliderControl" */ = {
			isa = XCConfigurationList;
			buildConfigurations = (
				9150419B1D8BE5F700597ACC /* Debug */,
				9150419C1D8BE5F700597ACC /* Release */,
			);
			defaultConfigurationIsVisible = 0;
			defaultConfigurationName = Release;
		};
		9150419D1D8BE5F700597ACC /* Build configuration list for PBXNativeTarget "JCSliderControl" */ = {
			isa = XCConfigurationList;
			buildConfigurations = (
				9150419E1D8BE5F700597ACC /* Debug */,
				9150419F1D8BE5F700597ACC /* Release */,
			);
			defaultConfigurationIsVisible = 0;
		};
/* End XCConfigurationList section */
	};
	rootObject = 9150417E1D8BE5F700597ACC /* Project object */;
}
